
Microsoft Visual Studio Solution File, Format Version 12.00
# Visual Studio 15
VisualStudioVersion = 15.0.28307.960
MinimumVisualStudioVersion = 10.0.40219.1
Project("{FAE04EC0-301F-11D3-BF4B-00C04F79EFBC}") = "WindowsFormsApp_sessionSecond", "WindowsFormsApp_sessionSecond\WindowsFormsApp_sessionSecond.csproj", "{156E02A9-6086-46CE-BC88-1A3305B49688}"
EndProject
Global
	GlobalSection(SolutionConfigurationPlatforms) = preSolution
		Debug|Any CPU = Debug|Any CPU
		Release|Any CPU = Release|Any CPU
	EndGlobalSection
	GlobalSection(ProjectConfigurationPlatforms) = postSolution
		{156E02A9-6086-46CE-BC88-1A3305B49688}.Debug|Any CPU.ActiveCfg = Debug|Any CPU
		{156E02A9-6086-46CE-BC88-1A3305B49688}.Debug|Any CPU.Build.0 = Debug|Any CPU
		{156E02A9-6086-46CE-BC88-1A3305B49688}.Release|Any CPU.ActiveCfg = Release|Any CPU
		{156E02A9-6086-46CE-BC88-1A3305B49688}.Release|Any CPU.Build.0 = Release|Any CPU
	EndGlobalSection
	GlobalSection(SolutionProperties) = preSolution
		HideSolutionNode = FALSE
	EndGlobalSection
	GlobalSection(ExtensibilityGlobals) = postSolution
		SolutionGuid = {FF8F0913-6381-4D0B-8587-783905E1077F}
	EndGlobalSection
EndGlobal
